
Microsoft Visual Studio Solution File, Format Version 12.00
# Visual Studio 14
VisualStudioVersion = 14.0.25420.1
MinimumVisualStudioVersion = 10.0.40219.1
Project("{FAE04EC0-301F-11D3-BF4B-00C04F79EFBC}") = "p2pServer", "p2pServer\p2pServer.csproj", "{37ACC9CB-CC98-48CB-9650-C6020775A49E}"
EndProject
Global
	GlobalSection(SolutionConfigurationPlatforms) = preSolution
		Debug|Any CPU = Debug|Any CPU
		Release|Any CPU = Release|Any CPU
	EndGlobalSection
	GlobalSection(ProjectConfigurationPlatforms) = postSolution
		{37ACC9CB-CC98-48CB-9650-C6020775A49E}.Debug|Any CPU.ActiveCfg = Debug|Any CPU
		{37ACC9CB-CC98-48CB-9650-C6020775A49E}.Debug|Any CPU.Build.0 = Debug|Any CPU
		{37ACC9CB-CC98-48CB-9650-C6020775A49E}.Release|Any CPU.ActiveCfg = Release|Any CPU
		{37ACC9CB-CC98-48CB-9650-C6020775A49E}.Release|Any CPU.Build.0 = Release|Any CPU
	EndGlobalSection
	GlobalSection(SolutionProperties) = preSolution
		HideSolutionNode = FALSE
	EndGlobalSection
EndGlobal
